
Microsoft Visual Studio Solution File, Format Version 12.00
# Visual Studio Version 17
VisualStudioVersion = 17.14.36327.8 d17.14
MinimumVisualStudioVersion = 10.0.40219.1
Project("{FAE04EC0-301F-11D3-BF4B-00C04F79EFBC}") = "PlayLivros", "PlayLivros\PlayLivros.csproj", "{709D10D9-116A-415F-8546-1ABB45F9D0D2}"
EndProject
Global
	GlobalSection(SolutionConfigurationPlatforms) = preSolution
		Debug|Any CPU = Debug|Any CPU
		Release|Any CPU = Release|Any CPU
	EndGlobalSection
	GlobalSection(ProjectConfigurationPlatforms) = postSolution
		{709D10D9-116A-415F-8546-1ABB45F9D0D2}.Debug|Any CPU.ActiveCfg = Debug|Any CPU
		{709D10D9-116A-415F-8546-1ABB45F9D0D2}.Debug|Any CPU.Build.0 = Debug|Any CPU
		{709D10D9-116A-415F-8546-1ABB45F9D0D2}.Release|Any CPU.ActiveCfg = Release|Any CPU
		{709D10D9-116A-415F-8546-1ABB45F9D0D2}.Release|Any CPU.Build.0 = Release|Any CPU
	EndGlobalSection
	GlobalSection(SolutionProperties) = preSolution
		HideSolutionNode = FALSE
	EndGlobalSection
	GlobalSection(ExtensibilityGlobals) = postSolution
		SolutionGuid = {E8C8D06C-546B-447E-950E-C9EFCF40A498}
	EndGlobalSection
EndGlobal
